// !$*UTF8*$!
{
	archiveVersion = 1;
	classes = {
	};
	objectVersion = 50;
	objects = {

/* Begin PBXBuildFile section */
		BEEE2CB621550E0600A298D0 /* AppDelegate.swift in Sources */ = {isa = PBXBuildFile; fileRef = BEEE2CB521550E0600A298D0 /* AppDelegate.swift */; };
		BEEE2CB821550E0600A298D0 /* ViewController.swift in Sources */ = {isa = PBXBuildFile; fileRef = BEEE2CB721550E0600A298D0 /* ViewController.swift */; };
		BEEE2CBB21550E0600A298D0 /* Main.storyboard in Resources */ = {isa = PBXBuildFile; fileRef = BEEE2CB921550E0600A298D0 /* Main.storyboard */; };
		BEEE2CBE21550E0600A298D0 /* BTC_Checker.xcdatamodeld in Sources */ = {isa = PBXBuildFile; fileRef = BEEE2CBC21550E0600A298D0 /* BTC_Checker.xcdatamodeld */; };
		BEEE2CC021550E0700A298D0 /* Assets.xcassets in Resources */ = {isa = PBXBuildFile; fileRef = BEEE2CBF21550E0700A298D0 /* Assets.xcassets */; };
		BEEE2CC321550E0700A298D0 /* LaunchScreen.storyboard in Resources */ = {isa = PBXBuildFile; fileRef = BEEE2CC121550E0700A298D0 /* LaunchScreen.storyboard */; };
/* End PBXBuildFile section */

/* Begin PBXFileReference section */
		BEEE2CB221550E0600A298D0 /* BTC-Checker.app */ = {isa = PBXFileReference; explicitFileType = wrapper.application; includeInIndex = 0; path = "BTC-Checker.app"; sourceTree = BUILT_PRODUCTS_DIR; };
		BEEE2CB521550E0600A298D0 /* AppDelegate.swift */ = {isa = PBXFileReference; lastKnownFileType = sourcecode.swift; path = AppDelegate.swift; sourceTree = "<group>"; };
		BEEE2CB721550E0600A298D0 /* ViewController.swift */ = {isa = PBXFileReference; lastKnownFileType = sourcecode.swift; path = ViewController.swift; sourceTree = "<group>"; };
		BEEE2CBA21550E0600A298D0 /* Base */ = {isa = PBXFileReference; lastKnownFileType = file.storyboard; name = Base; path = Base.lproj/Main.storyboard; sourceTree = "<group>"; };
		BEEE2CBD21550E0600A298D0 /* BTC_Checker.xcdatamodel */ = {isa = PBXFileReference; lastKnownFileType = wrapper.xcdatamodel; path = BTC_Checker.xcdatamodel; sourceTree = "<group>"; };
		BEEE2CBF21550E0700A298D0 /* Assets.xcassets */ = {isa = PBXFileReference; lastKnownFileType = folder.assetcatalog; path = Assets.xcassets; sourceTree = "<group>"; };
		BEEE2CC221550E0700A298D0 /* Base */ = {isa = PBXFileReference; lastKnownFileType = file.storyboard; name = Base; path = Base.lproj/LaunchScreen.storyboard; sourceTree = "<group>"; };
		BEEE2CC421550E0700A298D0 /* Info.plist */ = {isa = PBXFileReference; lastKnownFileType = text.plist.xml; path = Info.plist; sourceTree = "<group>"; };
/* End PBXFileReference section */

/* Begin PBXFrameworksBuildPhase section */
		BEEE2CAF21550E0600A298D0 /* Frameworks */ = {
			isa = PBXFrameworksBuildPhase;
			buildActionMask = 2147483647;
			files = (
			);
			runOnlyForDeploymentPostprocessing = 0;
		};
/* End PBXFrameworksBuildPhase section */

/* Begin PBXGroup section */
		BEEE2CA921550E0600A298D0 = {
			isa = PBXGroup;
			children = (
				BEEE2CB421550E0600A298D0 /* BTC-Checker */,
				BEEE2CB321550E0600A298D0 /* Products */,
			);
			sourceTree = "<group>";
		};
		BEEE2CB321550E0600A298D0 /* Products */ = {
			isa = PBXGroup;
			children = (
				BEEE2CB221550E0600A298D0 /* BTC-Checker.app */,
			);
			name = Products;
			sourceTree = "<group>";
		};
		BEEE2CB421550E0600A298D0 /* BTC-Checker */ = {
			isa = PBXGroup;
			children = (
				BEEE2CB521550E0600A298D0 /* AppDelegate.swift */,
				BEEE2CB721550E0600A298D0 /* ViewController.swift */,
				BEEE2CB921550E0600A298D0 /* Main.storyboard */,
				BEEE2CBF21550E0700A298D0 /* Assets.xcassets */,
				BEEE2CC121550E0700A298D0 /* LaunchScreen.storyboard */,
				BEEE2CC421550E0700A298D0 /* Info.plist */,
				BEEE2CBC21550E0600A298D0 /* BTC_Checker.xcdatamodeld */,
			);
			path = "BTC-Checker";
			sourceTree = "<group>";
		};
/* End PBXGroup section */

/* Begin PBXNativeTarget section */
		BEEE2CB121550E0600A298D0 /* BTC-Checker */ = {
			isa = PBXNativeTarget;
			buildConfigurationList = BEEE2CC721550E0700A298D0 /* Build configuration list for PBXNativeTarget "BTC-Checker" */;
			buildPhases = (
				BEEE2CAE21550E0600A298D0 /* Sources */,
				BEEE2CAF21550E0600A298D0 /* Frameworks */,
				BEEE2CB021550E0600A298D0 /* Resources */,
			);
			buildRules = (
			);
			dependencies = (
			);
			name = "BTC-Checker";
			productName = "BTC-Checker";
			productReference = BEEE2CB221550E0600A298D0 /* BTC-Checker.app */;
			productType = "com.apple.product-type.application";
		};
/* End PBXNativeTarget section */

/* Begin PBXProject section */
		BEEE2CAA21550E0600A298D0 /* Project object */ = {
			isa = PBXProject;
			attributes = {
				LastSwiftUpdateCheck = 0940;
				LastUpgradeCheck = 0940;
				ORGANIZATIONNAME = "tavaboy+daniboy";
				TargetAttributes = {
					BEEE2CB121550E0600A298D0 = {
						CreatedOnToolsVersion = 9.4.1;
					};
				};
			};
			buildConfigurationList = BEEE2CAD21550E0600A298D0 /* Build configuration list for PBXProject "BTC-Checker" */;
			compatibilityVersion = "Xcode 9.3";
			developmentRegion = en;
			hasScannedForEncodings = 0;
			knownRegions = (
				en,
				Base,
			);
			mainGroup = BEEE2CA921550E0600A298D0;
			productRefGroup = BEEE2CB321550E0600A298D0 /* Products */;
			projectDirPath = "";
			projectRoot = "";
			targets = (
				BEEE2CB121550E0600A298D0 /* BTC-Checker */,
			);
		};
/* End PBXProject section */

/* Begin PBXResourcesBuildPhase section */
		BEEE2CB021550E0600A298D0 /* Resources */ = {
			isa = PBXResourcesBuildPhase;
			buildActionMask = 2147483647;
			files = (
				BEEE2CC321550E0700A298D0 /* LaunchScreen.storyboard in Resources */,
				BEEE2CC021550E0700A298D0 /* Assets.xcassets in Resources */,
				BEEE2CBB21550E0600A298D0 /* Main.storyboard in Resources */,
			);
			runOnlyForDeploymentPostprocessing = 0;
		};
/* End PBXResourcesBuildPhase section */

/* Begin PBXSourcesBuildPhase section */
		BEEE2CAE21550E0600A298D0 /* Sources */ = {
			isa = PBXSourcesBuildPhase;
			buildActionMask = 2147483647;
			files = (
				BEEE2CB821550E0600A298D0 /* ViewController.swift in Sources */,
				BEEE2CB621550E0600A298D0 /* AppDelegate.swift in Sources */,
				BEEE2CBE21550E0600A298D0 /* BTC_Checker.xcdatamodeld in Sources */,
			);
			runOnlyForDeploymentPostprocessing = 0;
		};
/* End PBXSourcesBuildPhase section */

/* Begin PBXVariantGroup section */
		BEEE2CB921550E0600A298D0 /* Main.storyboard */ = {
			isa = PBXVariantGroup;
			children = (
				BEEE2CBA21550E0600A298D0 /* Base */,
			);
			name = Main.storyboard;
			sourceTree = "<group>";
		};
		BEEE2CC121550E0700A298D0 /* LaunchScreen.storyboard */ = {
			isa = PBXVariantGroup;
			children = (
				BEEE2CC221550E0700A298D0 /* Base */,
			);
			name = LaunchScreen.storyboard;
			sourceTree = "<group>";
		};
/* End PBXVariantGroup section */

/* Begin XCBuildConfiguration section */
		BEEE2CC521550E0700A298D0 /* Debug */ = {
			isa = XCBuildConfiguration;
			buildSettings = {
				ALWAYS_SEARCH_USER_PATHS = NO;
				CLANG_ANALYZER_NONNULL = YES;
				CLANG_ANALYZER_NUMBER_OBJECT_CONVERSION = YES_AGGRESSIVE;
				CLANG_CXX_LANGUAGE_STANDARD = "gnu++14";
				CLANG_CXX_LIBRARY = "libc++";
				CLANG_ENABLE_MODULES = YES;
				CLANG_ENABLE_OBJC_ARC = YES;
				CLANG_ENABLE_OBJC_WEAK = YES;
				CLANG_WARN_BLOCK_CAPTURE_AUTORELEASING = YES;
				CLANG_WARN_BOOL_CONVERSION = YES;
				CLANG_WARN_COMMA = YES;
				CLANG_WARN_CONSTANT_CONVERSION = YES;
				CLANG_WARN_DEPRECATED_OBJC_IMPLEMENTATIONS = YES;
				CLANG_WARN_DIRECT_OBJC_ISA_USAGE = YES_ERROR;
				CLANG_WARN_DOCUMENTATION_COMMENTS = YES;
				CLANG_WARN_EMPTY_BODY = YES;
				CLANG_WARN_ENUM_CONVERSION = YES;
				CLANG_WARN_INFINITE_RECURSION = YES;
				CLANG_WARN_INT_CONVERSION = YES;
				CLANG_WARN_NON_LITERAL_NULL_CONVERSION = YES;
				CLANG_WARN_OBJC_IMPLICIT_RETAIN_SELF = YES;
				CLANG_WARN_OBJC_LITERAL_CONVERSION = YES;
				CLANG_WARN_OBJC_ROOT_CLASS = YES_ERROR;
				CLANG_WARN_RANGE_LOOP_ANALYSIS = YES;
				CLANG_WARN_STRICT_PROTOTYPES = YES;
				CLANG_WARN_SUSPICIOUS_MOVE = YES;
				CLANG_WARN_UNGUARDED_AVAILABILITY = YES_AGGRESSIVE;
				CLANG_WARN_UNREACHABLE_CODE = YES;
				CLANG_WARN__DUPLICATE_METHOD_MATCH = YES;
				CODE_SIGN_IDENTITY = "iPhone Developer";
				COPY_PHASE_STRIP = NO;
				DEBUG_INFORMATION_FORMAT = dwarf;
				ENABLE_STRICT_OBJC_MSGSEND = YES;
				ENABLE_TESTABILITY = YES;
				GCC_C_LANGUAGE_STANDARD = gnu11;
				GCC_DYNAMIC_NO_PIC = NO;
				GCC_NO_COMMON_BLOCKS = YES;
				GCC_OPTIMIZATION_LEVEL = 0;
				GCC_PREPROCESSOR_DEFINITIONS = (
					"DEBUG=1",
					"$(inherited)",
				);
				GCC_WARN_64_TO_32_BIT_CONVERSION = YES;
				GCC_WARN_ABOUT_RETURN_TYPE = YES_ERROR;
				GCC_WARN_UNDECLARED_SELECTOR = YES;
				GCC_WARN_UNINITIALIZED_AUTOS = YES_AGGRESSIVE;
				GCC_WARN_UNUSED_FUNCTION = YES;
				GCC_WARN_UNUSED_VARIABLE = YES;
				IPHONEOS_DEPLOYMENT_TARGET = 11.4;
				MTL_ENABLE_DEBUG_INFO = YES;
				ONLY_ACTIVE_ARCH = YES;
				SDKROOT = iphoneos;
				SWIFT_ACTIVE_COMPILATION_CONDITIONS = DEBUG;
				SWIFT_OPTIMIZATION_LEVEL = "-Onone";
			};
			name = Debug;
		};
		BEEE2CC621550E0700A298D0 /* Release */ = {
			isa = XCBuildConfiguration;
			buildSettings = {
				ALWAYS_SEARCH_USER_PATHS = NO;
				CLANG_ANALYZER_NONNULL = YES;
				CLANG_ANALYZER_NUMBER_OBJECT_CONVERSION = YES_AGGRESSIVE;
				CLANG_CXX_LANGUAGE_STANDARD = "gnu++14";
				CLANG_CXX_LIBRARY = "libc++";
				CLANG_ENABLE_MODULES = YES;
				CLANG_ENABLE_OBJC_ARC = YES;
				CLANG_ENABLE_OBJC_WEAK = YES;
				CLANG_WARN_BLOCK_CAPTURE_AUTORELEASING = YES;
				CLANG_WARN_BOOL_CONVERSION = YES;
				CLANG_WARN_COMMA = YES;
				CLANG_WARN_CONSTANT_CONVERSION = YES;
				CLANG_WARN_DEPRECATED_OBJC_IMPLEMENTATIONS = YES;
				CLANG_WARN_DIRECT_OBJC_ISA_USAGE = YES_ERROR;
				CLANG_WARN_DOCUMENTATION_COMMENTS = YES;
				CLANG_WARN_EMPTY_BODY = YES;
				CLANG_WARN_ENUM_CONVERSION = YES;
				CLANG_WARN_INFINITE_RECURSION = YES;
				CLANG_WARN_INT_CONVERSION = YES;
				CLANG_WARN_NON_LITERAL_NULL_CONVERSION = YES;
				CLANG_WARN_OBJC_IMPLICIT_RETAIN_SELF = YES;
				CLANG_WARN_OBJC_LITERAL_CONVERSION = YES;
				CLANG_WARN_OBJC_ROOT_CLASS = YES_ERROR;
				CLANG_WARN_RANGE_LOOP_ANALYSIS = YES;
				CLANG_WARN_STRICT_PROTOTYPES = YES;
				CLANG_WARN_SUSPICIOUS_MOVE = YES;
				CLANG_WARN_UNGUARDED_AVAILABILITY = YES_AGGRESSIVE;
				CLANG_WARN_UNREACHABLE_CODE = YES;
				CLANG_WARN__DUPLICATE_METHOD_MATCH = YES;
				CODE_SIGN_IDENTITY = "iPhone Developer";
				COPY_PHASE_STRIP = NO;
				DEBUG_INFORMATION_FORMAT = "dwarf-with-dsym";
				ENABLE_NS_ASSERTIONS = NO;
				ENABLE_STRICT_OBJC_MSGSEND = YES;
				GCC_C_LANGUAGE_STANDARD = gnu11;
				GCC_NO_COMMON_BLOCKS = YES;
				GCC_WARN_64_TO_32_BIT_CONVERSION = YES;
				GCC_WARN_ABOUT_RETURN_TYPE = YES_ERROR;
				GCC_WARN_UNDECLARED_SELECTOR = YES;
				GCC_WARN_UNINITIALIZED_AUTOS = YES_AGGRESSIVE;
				GCC_WARN_UNUSED_FUNCTION = YES;
				GCC_WARN_UNUSED_VARIABLE = YES;
				IPHONEOS_DEPLOYMENT_TARGET = 11.4;
				MTL_ENABLE_DEBUG_INFO = NO;
				SDKROOT = iphoneos;
				SWIFT_COMPILATION_MODE = wholemodule;
				SWIFT_OPTIMIZATION_LEVEL = "-O";
				VALIDATE_PRODUCT = YES;
			};
			name = Release;
		};
		BEEE2CC821550E0700A298D0 /* Debug */ = {
			isa = XCBuildConfiguration;
			buildSettings = {
				ASSETCATALOG_COMPILER_APPICON_NAME = AppIcon;
				CODE_SIGN_STYLE = Automatic;
				INFOPLIST_FILE = "BTC-Checker/Info.plist";
				LD_RUNPATH_SEARCH_PATHS = (
					"$(inherited)",
					"@executable_path/Frameworks",
				);
				PRODUCT_BUNDLE_IDENTIFIER = "br.com.tavaboy-daniboy.BTC-Checker";
				PRODUCT_NAME = "$(TARGET_NAME)";
				SWIFT_VERSION = 4.0;
				TARGETED_DEVICE_FAMILY = "1,2";
			};
			name = Debug;
		};
		BEEE2CC921550E0700A298D0 /* Release */ = {
			isa = XCBuildConfiguration;
			buildSettings = {
				ASSETCATALOG_COMPILER_APPICON_NAME = AppIcon;
				CODE_SIGN_STYLE = Automatic;
				INFOPLIST_FILE = "BTC-Checker/Info.plist";
				LD_RUNPATH_SEARCH_PATHS = (
					"$(inherited)",
					"@executable_path/Frameworks",
				);
				PRODUCT_BUNDLE_IDENTIFIER = "br.com.tavaboy-daniboy.BTC-Checker";
				PRODUCT_NAME = "$(TARGET_NAME)";
				SWIFT_VERSION = 4.0;
				TARGETED_DEVICE_FAMILY = "1,2";
			};
			name = Release;
		};
/* End XCBuildConfiguration section */

/* Begin XCConfigurationList section */
		BEEE2CAD21550E0600A298D0 /* Build configuration list for PBXProject "BTC-Checker" */ = {
			isa = XCConfigurationList;
			buildConfigurations = (
				BEEE2CC521550E0700A298D0 /* Debug */,
				BEEE2CC621550E0700A298D0 /* Release */,
			);
			defaultConfigurationIsVisible = 0;
			defaultConfigurationName = Release;
		};
		BEEE2CC721550E0700A298D0 /* Build configuration list for PBXNativeTarget "BTC-Checker" */ = {
			isa = XCConfigurationList;
			buildConfigurations = (
				BEEE2CC821550E0700A298D0 /* Debug */,
				BEEE2CC921550E0700A298D0 /* Release */,
			);
			defaultConfigurationIsVisible = 0;
			defaultConfigurationName = Release;
		};
/* End XCConfigurationList section */

/* Begin XCVersionGroup section */
		BEEE2CBC21550E0600A298D0 /* BTC_Checker.xcdatamodeld */ = {
			isa = XCVersionGroup;
			children = (
				BEEE2CBD21550E0600A298D0 /* BTC_Checker.xcdatamodel */,
			);
			currentVersion = BEEE2CBD21550E0600A298D0 /* BTC_Checker.xcdatamodel */;
			path = BTC_Checker.xcdatamodeld;
			sourceTree = "<group>";
			versionGroupType = wrapper.xcdatamodel;
		};
/* End XCVersionGroup section */
	};
	rootObject = BEEE2CAA21550E0600A298D0 /* Project object */;
}
